{
  "name": "1",
  "lockfileVersion": 2,
  "requires": true,
  "packages": {
    "": {
      "dependencies": {
        "dotenvenc": "^3.0.1"
      }
    },
    "node_modules/dotenvenc": {
      "version": "3.0.1",
      "resolved": "https://registry.npmjs.org/dotenvenc/-/dotenvenc-3.0.1.tgz",
      "integrity": "sha512-rW+ZcOBlCuucCqw29tOcPD3BDaLHXCDZbq8tITG82Xah6dEAbNYNveYSJoBMWlwJWoG/BYj22XU4wPSkOlqIBg==",
      "dependencies": {
        "md5-file": "3.1.1",
        "minimist": "1.2.5"
      },
      "bin": {
        "dotenvenc": "bin/dotenvenc"
      }
    },
    "node_modules/md5-file": {
      "version": "3.1.1",
      "resolved": "https://registry.npmjs.org/md5-file/-/md5-file-3.1.1.tgz",
      "integrity": "sha512-9yLrrfgoyOe+0HqLiTF1XeJeOAf/y4Eh4h019avM2OrUGTcXWZkk6YCjzJmeutC6PyBQXlRAhtmdbL8GDPeIAA=="
    },
    "node_modules/minimist": {
      "version": "1.2.5",
      "resolved": "https://registry.npmjs.org/minimist/-/minimist-1.2.5.tgz",
      "integrity": "sha512-FM9nNUYrRBAELZQT3xeZQ7fmMOBg6nWNmJKTcgsJeaLstP/UODVpGsr5OhXhhXg6f+qtJ8uiZ+PUxkDWcgIXLw=="
    }
  },
  "dependencies": {
    "dotenvenc": {
      "version": "3.0.1",
      "resolved": "https://registry.npmjs.org/dotenvenc/-/dotenvenc-3.0.1.tgz",
      "integrity": "sha512-rW+ZcOBlCuucCqw29tOcPD3BDaLHXCDZbq8tITG82Xah6dEAbNYNveYSJoBMWlwJWoG/BYj22XU4wPSkOlqIBg==",
      "requires": {
        "md5-file": "3.1.1",
        "minimist": "1.2.5"
      }
    },
    "md5-file": {
      "version": "3.1.1",
      "resolved": "https://registry.npmjs.org/md5-file/-/md5-file-3.1.1.tgz",
      "integrity": "sha512-9yLrrfgoyOe+0HqLiTF1XeJeOAf/y4Eh4h019avM2OrUGTcXWZkk6YCjzJmeutC6PyBQXlRAhtmdbL8GDPeIAA=="
    },
    "minimist": {
      "version": "1.2.5",
      "resolved": "https://registry.npmjs.org/minimist/-/minimist-1.2.5.tgz",
      "integrity": "sha512-FM9nNUYrRBAELZQT3xeZQ7fmMOBg6nWNmJKTcgsJeaLstP/UODVpGsr5OhXhhXg6f+qtJ8uiZ+PUxkDWcgIXLw=="
    }
  }
}
